{
  "object": {
    "pins": [
      {
        "package": "CryptoSwift",
        "repositoryURL": "https://github.com/krzyzanowskim/CryptoSwift.git",
        "state": {
          "branch": null,
          "revision": "039f56c5d7960f277087a0be51f5eb04ed0ec073",
          "version": "1.5.1"
        }
      },
      {
        "package": "SwiftSoup",
        "repositoryURL": "https://github.com/scinfu/SwiftSoup.git",
        "state": {
          "branch": null,
          "revision": "6778575285177365cbad3e5b8a72f2a20583cfec",
          "version": "2.4.3"
        }
      },
      {
        "package": "SwiftyPyString",
        "repositoryURL": "https://github.com/ChanTsune/SwiftyPyString.git",
        "state": {
          "branch": null,
          "revision": "90b88666574ddc518d5334392b07d9587517c1ed",
          "version": "2.2.0"
        }
      }
    ]
  },
  "version": 1
}
